
Microsoft Visual Studio Solution File, Format Version 12.00
# Visual Studio Version 17
VisualStudioVersion = 17.9.34728.123
MinimumVisualStudioVersion = 10.0.40219.1
Project("{FAE04EC0-301F-11D3-BF4B-00C04F79EFBC}") = "Mybudget", "Mybudget\Mybudget.csproj", "{215F3C32-0967-4613-9BF3-64C3DC8665A8}"
EndProject
Global
	GlobalSection(SolutionConfigurationPlatforms) = preSolution
		Debug|Any CPU = Debug|Any CPU
		Release|Any CPU = Release|Any CPU
	EndGlobalSection
	GlobalSection(ProjectConfigurationPlatforms) = postSolution
		{215F3C32-0967-4613-9BF3-64C3DC8665A8}.Debug|Any CPU.ActiveCfg = Debug|Any CPU
		{215F3C32-0967-4613-9BF3-64C3DC8665A8}.Debug|Any CPU.Build.0 = Debug|Any CPU
		{215F3C32-0967-4613-9BF3-64C3DC8665A8}.Release|Any CPU.ActiveCfg = Release|Any CPU
		{215F3C32-0967-4613-9BF3-64C3DC8665A8}.Release|Any CPU.Build.0 = Release|Any CPU
	EndGlobalSection
	GlobalSection(SolutionProperties) = preSolution
		HideSolutionNode = FALSE
	EndGlobalSection
	GlobalSection(ExtensibilityGlobals) = postSolution
		SolutionGuid = {8359CD9E-343E-4AB6-9CBF-E5DDFBEA124C}
	EndGlobalSection
EndGlobal
